
Microsoft Visual Studio Solution File, Format Version 12.00
# Visual Studio Version 17
VisualStudioVersion = 17.7.34221.43
MinimumVisualStudioVersion = 10.0.40219.1
Project("{8BC9CEB8-8B4A-11D0-8D11-00A0C91BC942}") = "Multi-threading Mutex Example", "Multi-threading Mutex Example\Multi-threading Mutex Example.vcxproj", "{CFBB89AB-7428-4EB5-AA67-DA05082A1BA5}"
EndProject
Global
	GlobalSection(SolutionConfigurationPlatforms) = preSolution
		Debug|x64 = Debug|x64
		Debug|x86 = Debug|x86
		Release|x64 = Release|x64
		Release|x86 = Release|x86
	EndGlobalSection
	GlobalSection(ProjectConfigurationPlatforms) = postSolution
		{CFBB89AB-7428-4EB5-AA67-DA05082A1BA5}.Debug|x64.ActiveCfg = Debug|x64
		{CFBB89AB-7428-4EB5-AA67-DA05082A1BA5}.Debug|x64.Build.0 = Debug|x64
		{CFBB89AB-7428-4EB5-AA67-DA05082A1BA5}.Debug|x86.ActiveCfg = Debug|Win32
		{CFBB89AB-7428-4EB5-AA67-DA05082A1BA5}.Debug|x86.Build.0 = Debug|Win32
		{CFBB89AB-7428-4EB5-AA67-DA05082A1BA5}.Release|x64.ActiveCfg = Release|x64
		{CFBB89AB-7428-4EB5-AA67-DA05082A1BA5}.Release|x64.Build.0 = Release|x64
		{CFBB89AB-7428-4EB5-AA67-DA05082A1BA5}.Release|x86.ActiveCfg = Release|Win32
		{CFBB89AB-7428-4EB5-AA67-DA05082A1BA5}.Release|x86.Build.0 = Release|Win32
	EndGlobalSection
	GlobalSection(SolutionProperties) = preSolution
		HideSolutionNode = FALSE
	EndGlobalSection
	GlobalSection(ExtensibilityGlobals) = postSolution
		SolutionGuid = {8914D728-023B-4D25-AD8D-0C426E55100D}
	EndGlobalSection
EndGlobal
